// !$*UTF8*$!
{
	archiveVersion = 1;
	classes = {
	};
	objectVersion = 56;
	objects = {

/* Begin PBXBuildFile section */
		576C614E2ADD117E00568589 /* AppDelegate.swift in Sources */ = {isa = PBXBuildFile; fileRef = 576C614D2ADD117E00568589 /* AppDelegate.swift */; };
		576C61502ADD117E00568589 /* SceneDelegate.swift in Sources */ = {isa = PBXBuildFile; fileRef = 576C614F2ADD117E00568589 /* SceneDelegate.swift */; };
		576C61522ADD117E00568589 /* ViewController.swift in Sources */ = {isa = PBXBuildFile; fileRef = 576C61512ADD117E00568589 /* ViewController.swift */; };
		576C61552ADD117E00568589 /* Main.storyboard in Resources */ = {isa = PBXBuildFile; fileRef = 576C61532ADD117E00568589 /* Main.storyboard */; };
		576C61572ADD118000568589 /* Assets.xcassets in Resources */ = {isa = PBXBuildFile; fileRef = 576C61562ADD118000568589 /* Assets.xcassets */; };
		576C615A2ADD118000568589 /* LaunchScreen.storyboard in Resources */ = {isa = PBXBuildFile; fileRef = 576C61582ADD118000568589 /* LaunchScreen.storyboard */; };
		576C61652ADD118000568589 /* soundplayerTests.swift in Sources */ = {isa = PBXBuildFile; fileRef = 576C61642ADD118000568589 /* soundplayerTests.swift */; };
		576C616F2ADD118000568589 /* soundplayerUITests.swift in Sources */ = {isa = PBXBuildFile; fileRef = 576C616E2ADD118000568589 /* soundplayerUITests.swift */; };
		576C61712ADD118000568589 /* soundplayerUITestsLaunchTests.swift in Sources */ = {isa = PBXBuildFile; fileRef = 576C61702ADD118000568589 /* soundplayerUITestsLaunchTests.swift */; };
		576C61802ADD1A3F00568589 /* music.mp3 in Resources */ = {isa = PBXBuildFile; fileRef = 576C617F2ADD1A3F00568589 /* music.mp3 */; };
/* End PBXBuildFile section */

/* Begin PBXContainerItemProxy section */
		576C61612ADD118000568589 /* PBXContainerItemProxy */ = {
			isa = PBXContainerItemProxy;
			containerPortal = 576C61422ADD117E00568589 /* Project object */;
			proxyType = 1;
			remoteGlobalIDString = 576C61492ADD117E00568589;
			remoteInfo = soundplayer;
		};
		576C616B2ADD118000568589 /* PBXContainerItemProxy */ = {
			isa = PBXContainerItemProxy;
			containerPortal = 576C61422ADD117E00568589 /* Project object */;
			proxyType = 1;
			remoteGlobalIDString = 576C61492ADD117E00568589;
			remoteInfo = soundplayer;
		};
/* End PBXContainerItemProxy section */

/* Begin PBXFileReference section */
		576C614A2ADD117E00568589 /* soundplayer.app */ = {isa = PBXFileReference; explicitFileType = wrapper.application; includeInIndex = 0; path = soundplayer.app; sourceTree = BUILT_PRODUCTS_DIR; };
		576C614D2ADD117E00568589 /* AppDelegate.swift */ = {isa = PBXFileReference; lastKnownFileType = sourcecode.swift; path = AppDelegate.swift; sourceTree = "<group>"; };
		576C614F2ADD117E00568589 /* SceneDelegate.swift */ = {isa = PBXFileReference; lastKnownFileType = sourcecode.swift; path = SceneDelegate.swift; sourceTree = "<group>"; };
		576C61512ADD117E00568589 /* ViewController.swift */ = {isa = PBXFileReference; lastKnownFileType = sourcecode.swift; path = ViewController.swift; sourceTree = "<group>"; };
		576C61542ADD117E00568589 /* Base */ = {isa = PBXFileReference; lastKnownFileType = file.storyboard; name = Base; path = Base.lproj/Main.storyboard; sourceTree = "<group>"; };
		576C61562ADD118000568589 /* Assets.xcassets */ = {isa = PBXFileReference; lastKnownFileType = folder.assetcatalog; path = Assets.xcassets; sourceTree = "<group>"; };
		576C61592ADD118000568589 /* Base */ = {isa = PBXFileReference; lastKnownFileType = file.storyboard; name = Base; path = Base.lproj/LaunchScreen.storyboard; sourceTree = "<group>"; };
		576C615B2ADD118000568589 /* Info.plist */ = {isa = PBXFileReference; lastKnownFileType = text.plist.xml; path = Info.plist; sourceTree = "<group>"; };
		576C61602ADD118000568589 /* soundplayerTests.xctest */ = {isa = PBXFileReference; explicitFileType = wrapper.cfbundle; includeInIndex = 0; path = soundplayerTests.xctest; sourceTree = BUILT_PRODUCTS_DIR; };
		576C61642ADD118000568589 /* soundplayerTests.swift */ = {isa = PBXFileReference; lastKnownFileType = sourcecode.swift; path = soundplayerTests.swift; sourceTree = "<group>"; };
		576C616A2ADD118000568589 /* soundplayerUITests.xctest */ = {isa = PBXFileReference; explicitFileType = wrapper.cfbundle; includeInIndex = 0; path = soundplayerUITests.xctest; sourceTree = BUILT_PRODUCTS_DIR; };
		576C616E2ADD118000568589 /* soundplayerUITests.swift */ = {isa = PBXFileReference; lastKnownFileType = sourcecode.swift; path = soundplayerUITests.swift; sourceTree = "<group>"; };
		576C61702ADD118000568589 /* soundplayerUITestsLaunchTests.swift */ = {isa = PBXFileReference; lastKnownFileType = sourcecode.swift; path = soundplayerUITestsLaunchTests.swift; sourceTree = "<group>"; };
		576C617F2ADD1A3F00568589 /* music.mp3 */ = {isa = PBXFileReference; lastKnownFileType = audio.mp3; name = music.mp3; path = ../../../Desktop/music.mp3; sourceTree = "<group>"; };
/* End PBXFileReference section */

/* Begin PBXFrameworksBuildPhase section */
		576C61472ADD117E00568589 /* Frameworks */ = {
			isa = PBXFrameworksBuildPhase;
			buildActionMask = 2147483647;
			files = (
			);
			runOnlyForDeploymentPostprocessing = 0;
		};
		576C615D2ADD118000568589 /* Frameworks */ = {
			isa = PBXFrameworksBuildPhase;
			buildActionMask = 2147483647;
			files = (
			);
			runOnlyForDeploymentPostprocessing = 0;
		};
		576C61672ADD118000568589 /* Frameworks */ = {
			isa = PBXFrameworksBuildPhase;
			buildActionMask = 2147483647;
			files = (
			);
			runOnlyForDeploymentPostprocessing = 0;
		};
/* End PBXFrameworksBuildPhase section */

/* Begin PBXGroup section */
		576C61412ADD117E00568589 = {
			isa = PBXGroup;
			children = (
				576C614C2ADD117E00568589 /* soundplayer */,
				576C61632ADD118000568589 /* soundplayerTests */,
				576C616D2ADD118000568589 /* soundplayerUITests */,
				576C614B2ADD117E00568589 /* Products */,
			);
			sourceTree = "<group>";
		};
		576C614B2ADD117E00568589 /* Products */ = {
			isa = PBXGroup;
			children = (
				576C614A2ADD117E00568589 /* soundplayer.app */,
				576C61602ADD118000568589 /* soundplayerTests.xctest */,
				576C616A2ADD118000568589 /* soundplayerUITests.xctest */,
			);
			name = Products;
			sourceTree = "<group>";
		};
		576C614C2ADD117E00568589 /* soundplayer */ = {
			isa = PBXGroup;
			children = (
				576C614D2ADD117E00568589 /* AppDelegate.swift */,
				576C614F2ADD117E00568589 /* SceneDelegate.swift */,
				576C61512ADD117E00568589 /* ViewController.swift */,
				576C61532ADD117E00568589 /* Main.storyboard */,
				576C617F2ADD1A3F00568589 /* music.mp3 */,
				576C61562ADD118000568589 /* Assets.xcassets */,
				576C61582ADD118000568589 /* LaunchScreen.storyboard */,
				576C615B2ADD118000568589 /* Info.plist */,
			);
			path = soundplayer;
			sourceTree = "<group>";
		};
		576C61632ADD118000568589 /* soundplayerTests */ = {
			isa = PBXGroup;
			children = (
				576C61642ADD118000568589 /* soundplayerTests.swift */,
			);
			path = soundplayerTests;
			sourceTree = "<group>";
		};
		576C616D2ADD118000568589 /* soundplayerUITests */ = {
			isa = PBXGroup;
			children = (
				576C616E2ADD118000568589 /* soundplayerUITests.swift */,
				576C61702ADD118000568589 /* soundplayerUITestsLaunchTests.swift */,
			);
			path = soundplayerUITests;
			sourceTree = "<group>";
		};
/* End PBXGroup section */

/* Begin PBXNativeTarget section */
		576C61492ADD117E00568589 /* soundplayer */ = {
			isa = PBXNativeTarget;
			buildConfigurationList = 576C61742ADD118000568589 /* Build configuration list for PBXNativeTarget "soundplayer" */;
			buildPhases = (
				576C61462ADD117E00568589 /* Sources */,
				576C61472ADD117E00568589 /* Frameworks */,
				576C61482ADD117E00568589 /* Resources */,
			);
			buildRules = (
			);
			dependencies = (
			);
			name = soundplayer;
			productName = soundplayer;
			productReference = 576C614A2ADD117E00568589 /* soundplayer.app */;
			productType = "com.apple.product-type.application";
		};
		576C615F2ADD118000568589 /* soundplayerTests */ = {
			isa = PBXNativeTarget;
			buildConfigurationList = 576C61772ADD118000568589 /* Build configuration list for PBXNativeTarget "soundplayerTests" */;
			buildPhases = (
				576C615C2ADD118000568589 /* Sources */,
				576C615D2ADD118000568589 /* Frameworks */,
				576C615E2ADD118000568589 /* Resources */,
			);
			buildRules = (
			);
			dependencies = (
				576C61622ADD118000568589 /* PBXTargetDependency */,
			);
			name = soundplayerTests;
			productName = soundplayerTests;
			productReference = 576C61602ADD118000568589 /* soundplayerTests.xctest */;
			productType = "com.apple.product-type.bundle.unit-test";
		};
		576C61692ADD118000568589 /* soundplayerUITests */ = {
			isa = PBXNativeTarget;
			buildConfigurationList = 576C617A2ADD118000568589 /* Build configuration list for PBXNativeTarget "soundplayerUITests" */;
			buildPhases = (
				576C61662ADD118000568589 /* Sources */,
				576C61672ADD118000568589 /* Frameworks */,
				576C61682ADD118000568589 /* Resources */,
			);
			buildRules = (
			);
			dependencies = (
				576C616C2ADD118000568589 /* PBXTargetDependency */,
			);
			name = soundplayerUITests;
			productName = soundplayerUITests;
			productReference = 576C616A2ADD118000568589 /* soundplayerUITests.xctest */;
			productType = "com.apple.product-type.bundle.ui-testing";
		};
/* End PBXNativeTarget section */

/* Begin PBXProject section */
		576C61422ADD117E00568589 /* Project object */ = {
			isa = PBXProject;
			attributes = {
				BuildIndependentTargetsInParallel = 1;
				LastSwiftUpdateCheck = 1430;
				LastUpgradeCheck = 1430;
				TargetAttributes = {
					576C61492ADD117E00568589 = {
						CreatedOnToolsVersion = 14.3.1;
					};
					576C615F2ADD118000568589 = {
						CreatedOnToolsVersion = 14.3.1;
						TestTargetID = 576C61492ADD117E00568589;
					};
					576C61692ADD118000568589 = {
						CreatedOnToolsVersion = 14.3.1;
						TestTargetID = 576C61492ADD117E00568589;
					};
				};
			};
			buildConfigurationList = 576C61452ADD117E00568589 /* Build configuration list for PBXProject "soundplayer" */;
			compatibilityVersion = "Xcode 14.0";
			developmentRegion = en;
			hasScannedForEncodings = 0;
			knownRegions = (
				en,
				Base,
			);
			mainGroup = 576C61412ADD117E00568589;
			productRefGroup = 576C614B2ADD117E00568589 /* Products */;
			projectDirPath = "";
			projectRoot = "";
			targets = (
				576C61492ADD117E00568589 /* soundplayer */,
				576C615F2ADD118000568589 /* soundplayerTests */,
				576C61692ADD118000568589 /* soundplayerUITests */,
			);
		};
/* End PBXProject section */

/* Begin PBXResourcesBuildPhase section */
		576C61482ADD117E00568589 /* Resources */ = {
			isa = PBXResourcesBuildPhase;
			buildActionMask = 2147483647;
			files = (
				576C61802ADD1A3F00568589 /* music.mp3 in Resources */,
				576C615A2ADD118000568589 /* LaunchScreen.storyboard in Resources */,
				576C61572ADD118000568589 /* Assets.xcassets in Resources */,
				576C61552ADD117E00568589 /* Main.storyboard in Resources */,
			);
			runOnlyForDeploymentPostprocessing = 0;
		};
		576C615E2ADD118000568589 /* Resources */ = {
			isa = PBXResourcesBuildPhase;
			buildActionMask = 2147483647;
			files = (
			);
			runOnlyForDeploymentPostprocessing = 0;
		};
		576C61682ADD118000568589 /* Resources */ = {
			isa = PBXResourcesBuildPhase;
			buildActionMask = 2147483647;
			files = (
			);
			runOnlyForDeploymentPostprocessing = 0;
		};
/* End PBXResourcesBuildPhase section */

/* Begin PBXSourcesBuildPhase section */
		576C61462ADD117E00568589 /* Sources */ = {
			isa = PBXSourcesBuildPhase;
			buildActionMask = 2147483647;
			files = (
				576C61522ADD117E00568589 /* ViewController.swift in Sources */,
				576C614E2ADD117E00568589 /* AppDelegate.swift in Sources */,
				576C61502ADD117E00568589 /* SceneDelegate.swift in Sources */,
			);
			runOnlyForDeploymentPostprocessing = 0;
		};
		576C615C2ADD118000568589 /* Sources */ = {
			isa = PBXSourcesBuildPhase;
			buildActionMask = 2147483647;
			files = (
				576C61652ADD118000568589 /* soundplayerTests.swift in Sources */,
			);
			runOnlyForDeploymentPostprocessing = 0;
		};
		576C61662ADD118000568589 /* Sources */ = {
			isa = PBXSourcesBuildPhase;
			buildActionMask = 2147483647;
			files = (
				576C616F2ADD118000568589 /* soundplayerUITests.swift in Sources */,
				576C61712ADD118000568589 /* soundplayerUITestsLaunchTests.swift in Sources */,
			);
			runOnlyForDeploymentPostprocessing = 0;
		};
/* End PBXSourcesBuildPhase section */

/* Begin PBXTargetDependency section */
		576C61622ADD118000568589 /* PBXTargetDependency */ = {
			isa = PBXTargetDependency;
			target = 576C61492ADD117E00568589 /* soundplayer */;
			targetProxy = 576C61612ADD118000568589 /* PBXContainerItemProxy */;
		};
		576C616C2ADD118000568589 /* PBXTargetDependency */ = {
			isa = PBXTargetDependency;
			target = 576C61492ADD117E00568589 /* soundplayer */;
			targetProxy = 576C616B2ADD118000568589 /* PBXContainerItemProxy */;
		};
/* End PBXTargetDependency section */

/* Begin PBXVariantGroup section */
		576C61532ADD117E00568589 /* Main.storyboard */ = {
			isa = PBXVariantGroup;
			children = (
				576C61542ADD117E00568589 /* Base */,
			);
			name = Main.storyboard;
			sourceTree = "<group>";
		};
		576C61582ADD118000568589 /* LaunchScreen.storyboard */ = {
			isa = PBXVariantGroup;
			children = (
				576C61592ADD118000568589 /* Base */,
			);
			name = LaunchScreen.storyboard;
			sourceTree = "<group>";
		};
/* End PBXVariantGroup section */

/* Begin XCBuildConfiguration section */
		576C61722ADD118000568589 /* Debug */ = {
			isa = XCBuildConfiguration;
			buildSettings = {
				ALWAYS_SEARCH_USER_PATHS = NO;
				CLANG_ANALYZER_NONNULL = YES;
				CLANG_ANALYZER_NUMBER_OBJECT_CONVERSION = YES_AGGRESSIVE;
				CLANG_CXX_LANGUAGE_STANDARD = "gnu++20";
				CLANG_ENABLE_MODULES = YES;
				CLANG_ENABLE_OBJC_ARC = YES;
				CLANG_ENABLE_OBJC_WEAK = YES;
				CLANG_WARN_BLOCK_CAPTURE_AUTORELEASING = YES;
				CLANG_WARN_BOOL_CONVERSION = YES;
				CLANG_WARN_COMMA = YES;
				CLANG_WARN_CONSTANT_CONVERSION = YES;
				CLANG_WARN_DEPRECATED_OBJC_IMPLEMENTATIONS = YES;
				CLANG_WARN_DIRECT_OBJC_ISA_USAGE = YES_ERROR;
				CLANG_WARN_DOCUMENTATION_COMMENTS = YES;
				CLANG_WARN_EMPTY_BODY = YES;
				CLANG_WARN_ENUM_CONVERSION = YES;
				CLANG_WARN_INFINITE_RECURSION = YES;
				CLANG_WARN_INT_CONVERSION = YES;
				CLANG_WARN_NON_LITERAL_NULL_CONVERSION = YES;
				CLANG_WARN_OBJC_IMPLICIT_RETAIN_SELF = YES;
				CLANG_WARN_OBJC_LITERAL_CONVERSION = YES;
				CLANG_WARN_OBJC_ROOT_CLASS = YES_ERROR;
				CLANG_WARN_QUOTED_INCLUDE_IN_FRAMEWORK_HEADER = YES;
				CLANG_WARN_RANGE_LOOP_ANALYSIS = YES;
				CLANG_WARN_STRICT_PROTOTYPES = YES;
				CLANG_WARN_SUSPICIOUS_MOVE = YES;
				CLANG_WARN_UNGUARDED_AVAILABILITY = YES_AGGRESSIVE;
				CLANG_WARN_UNREACHABLE_CODE = YES;
				CLANG_WARN__DUPLICATE_METHOD_MATCH = YES;
				COPY_PHASE_STRIP = NO;
				DEBUG_INFORMATION_FORMAT = dwarf;
				ENABLE_STRICT_OBJC_MSGSEND = YES;
				ENABLE_TESTABILITY = YES;
				GCC_C_LANGUAGE_STANDARD = gnu11;
				GCC_DYNAMIC_NO_PIC = NO;
				GCC_NO_COMMON_BLOCKS = YES;
				GCC_OPTIMIZATION_LEVEL = 0;
				GCC_PREPROCESSOR_DEFINITIONS = (
					"DEBUG=1",
					"$(inherited)",
				);
				GCC_WARN_64_TO_32_BIT_CONVERSION = YES;
				GCC_WARN_ABOUT_RETURN_TYPE = YES_ERROR;
				GCC_WARN_UNDECLARED_SELECTOR = YES;
				GCC_WARN_UNINITIALIZED_AUTOS = YES_AGGRESSIVE;
				GCC_WARN_UNUSED_FUNCTION = YES;
				GCC_WARN_UNUSED_VARIABLE = YES;
				IPHONEOS_DEPLOYMENT_TARGET = 16.4;
				MTL_ENABLE_DEBUG_INFO = INCLUDE_SOURCE;
				MTL_FAST_MATH = YES;
				ONLY_ACTIVE_ARCH = YES;
				SDKROOT = iphoneos;
				SWIFT_ACTIVE_COMPILATION_CONDITIONS = DEBUG;
				SWIFT_OPTIMIZATION_LEVEL = "-Onone";
			};
			name = Debug;
		};
		576C61732ADD118000568589 /* Release */ = {
			isa = XCBuildConfiguration;
			buildSettings = {
				ALWAYS_SEARCH_USER_PATHS = NO;
				CLANG_ANALYZER_NONNULL = YES;
				CLANG_ANALYZER_NUMBER_OBJECT_CONVERSION = YES_AGGRESSIVE;
				CLANG_CXX_LANGUAGE_STANDARD = "gnu++20";
				CLANG_ENABLE_MODULES = YES;
				CLANG_ENABLE_OBJC_ARC = YES;
				CLANG_ENABLE_OBJC_WEAK = YES;
				CLANG_WARN_BLOCK_CAPTURE_AUTORELEASING = YES;
				CLANG_WARN_BOOL_CONVERSION = YES;
				CLANG_WARN_COMMA = YES;
				CLANG_WARN_CONSTANT_CONVERSION = YES;
				CLANG_WARN_DEPRECATED_OBJC_IMPLEMENTATIONS = YES;
				CLANG_WARN_DIRECT_OBJC_ISA_USAGE = YES_ERROR;
				CLANG_WARN_DOCUMENTATION_COMMENTS = YES;
				CLANG_WARN_EMPTY_BODY = YES;
				CLANG_WARN_ENUM_CONVERSION = YES;
				CLANG_WARN_INFINITE_RECURSION = YES;
				CLANG_WARN_INT_CONVERSION = YES;
				CLANG_WARN_NON_LITERAL_NULL_CONVERSION = YES;
				CLANG_WARN_OBJC_IMPLICIT_RETAIN_SELF = YES;
				CLANG_WARN_OBJC_LITERAL_CONVERSION = YES;
				CLANG_WARN_OBJC_ROOT_CLASS = YES_ERROR;
				CLANG_WARN_QUOTED_INCLUDE_IN_FRAMEWORK_HEADER = YES;
				CLANG_WARN_RANGE_LOOP_ANALYSIS = YES;
				CLANG_WARN_STRICT_PROTOTYPES = YES;
				CLANG_WARN_SUSPICIOUS_MOVE = YES;
				CLANG_WARN_UNGUARDED_AVAILABILITY = YES_AGGRESSIVE;
				CLANG_WARN_UNREACHABLE_CODE = YES;
				CLANG_WARN__DUPLICATE_METHOD_MATCH = YES;
				COPY_PHASE_STRIP = NO;
				DEBUG_INFORMATION_FORMAT = "dwarf-with-dsym";
				ENABLE_NS_ASSERTIONS = NO;
				ENABLE_STRICT_OBJC_MSGSEND = YES;
				GCC_C_LANGUAGE_STANDARD = gnu11;
				GCC_NO_COMMON_BLOCKS = YES;
				GCC_WARN_64_TO_32_BIT_CONVERSION = YES;
				GCC_WARN_ABOUT_RETURN_TYPE = YES_ERROR;
				GCC_WARN_UNDECLARED_SELECTOR = YES;
				GCC_WARN_UNINITIALIZED_AUTOS = YES_AGGRESSIVE;
				GCC_WARN_UNUSED_FUNCTION = YES;
				GCC_WARN_UNUSED_VARIABLE = YES;
				IPHONEOS_DEPLOYMENT_TARGET = 16.4;
				MTL_ENABLE_DEBUG_INFO = NO;
				MTL_FAST_MATH = YES;
				SDKROOT = iphoneos;
				SWIFT_COMPILATION_MODE = wholemodule;
				SWIFT_OPTIMIZATION_LEVEL = "-O";
				VALIDATE_PRODUCT = YES;
			};
			name = Release;
		};
		576C61752ADD118000568589 /* Debug */ = {
			isa = XCBuildConfiguration;
			buildSettings = {
				ASSETCATALOG_COMPILER_APPICON_NAME = AppIcon;
				ASSETCATALOG_COMPILER_GLOBAL_ACCENT_COLOR_NAME = AccentColor;
				CODE_SIGN_STYLE = Automatic;
				CURRENT_PROJECT_VERSION = 1;
				DEVELOPMENT_TEAM = LFNJY639ZW;
				GENERATE_INFOPLIST_FILE = YES;
				INFOPLIST_FILE = soundplayer/Info.plist;
				INFOPLIST_KEY_UIApplicationSupportsIndirectInputEvents = YES;
				INFOPLIST_KEY_UILaunchStoryboardName = LaunchScreen;
				INFOPLIST_KEY_UIMainStoryboardFile = Main;
				INFOPLIST_KEY_UISupportedInterfaceOrientations_iPad = "UIInterfaceOrientationPortrait UIInterfaceOrientationPortraitUpsideDown UIInterfaceOrientationLandscapeLeft UIInterfaceOrientationLandscapeRight";
				INFOPLIST_KEY_UISupportedInterfaceOrientations_iPhone = "UIInterfaceOrientationPortrait UIInterfaceOrientationLandscapeLeft UIInterfaceOrientationLandscapeRight";
				LD_RUNPATH_SEARCH_PATHS = (
					"$(inherited)",
					"@executable_path/Frameworks",
				);
				MARKETING_VERSION = 1.0;
				PRODUCT_BUNDLE_IDENTIFIER = sreehari.soundplayer;
				PRODUCT_NAME = "$(TARGET_NAME)";
				SWIFT_EMIT_LOC_STRINGS = YES;
				SWIFT_VERSION = 5.0;
				TARGETED_DEVICE_FAMILY = "1,2";
			};
			name = Debug;
		};
		576C61762ADD118000568589 /* Release */ = {
			isa = XCBuildConfiguration;
			buildSettings = {
				ASSETCATALOG_COMPILER_APPICON_NAME = AppIcon;
				ASSETCATALOG_COMPILER_GLOBAL_ACCENT_COLOR_NAME = AccentColor;
				CODE_SIGN_STYLE = Automatic;
				CURRENT_PROJECT_VERSION = 1;
				DEVELOPMENT_TEAM = LFNJY639ZW;
				GENERATE_INFOPLIST_FILE = YES;
				INFOPLIST_FILE = soundplayer/Info.plist;
				INFOPLIST_KEY_UIApplicationSupportsIndirectInputEvents = YES;
				INFOPLIST_KEY_UILaunchStoryboardName = LaunchScreen;
				INFOPLIST_KEY_UIMainStoryboardFile = Main;
				INFOPLIST_KEY_UISupportedInterfaceOrientations_iPad = "UIInterfaceOrientationPortrait UIInterfaceOrientationPortraitUpsideDown UIInterfaceOrientationLandscapeLeft UIInterfaceOrientationLandscapeRight";
				INFOPLIST_KEY_UISupportedInterfaceOrientations_iPhone = "UIInterfaceOrientationPortrait UIInterfaceOrientationLandscapeLeft UIInterfaceOrientationLandscapeRight";
				LD_RUNPATH_SEARCH_PATHS = (
					"$(inherited)",
					"@executable_path/Frameworks",
				);
				MARKETING_VERSION = 1.0;
				PRODUCT_BUNDLE_IDENTIFIER = sreehari.soundplayer;
				PRODUCT_NAME = "$(TARGET_NAME)";
				SWIFT_EMIT_LOC_STRINGS = YES;
				SWIFT_VERSION = 5.0;
				TARGETED_DEVICE_FAMILY = "1,2";
			};
			name = Release;
		};
		576C61782ADD118000568589 /* Debug */ = {
			isa = XCBuildConfiguration;
			buildSettings = {
				ALWAYS_EMBED_SWIFT_STANDARD_LIBRARIES = YES;
				BUNDLE_LOADER = "$(TEST_HOST)";
				CODE_SIGN_STYLE = Automatic;
				CURRENT_PROJECT_VERSION = 1;
				DEVELOPMENT_TEAM = LFNJY639ZW;
				GENERATE_INFOPLIST_FILE = YES;
				IPHONEOS_DEPLOYMENT_TARGET = 16.4;
				MARKETING_VERSION = 1.0;
				PRODUCT_BUNDLE_IDENTIFIER = sreehari.soundplayerTests;
				PRODUCT_NAME = "$(TARGET_NAME)";
				SWIFT_EMIT_LOC_STRINGS = NO;
				SWIFT_VERSION = 5.0;
				TARGETED_DEVICE_FAMILY = "1,2";
				TEST_HOST = "$(BUILT_PRODUCTS_DIR)/soundplayer.app/$(BUNDLE_EXECUTABLE_FOLDER_PATH)/soundplayer";
			};
			name = Debug;
		};
		576C61792ADD118000568589 /* Release */ = {
			isa = XCBuildConfiguration;
			buildSettings = {
				ALWAYS_EMBED_SWIFT_STANDARD_LIBRARIES = YES;
				BUNDLE_LOADER = "$(TEST_HOST)";
				CODE_SIGN_STYLE = Automatic;
				CURRENT_PROJECT_VERSION = 1;
				DEVELOPMENT_TEAM = LFNJY639ZW;
				GENERATE_INFOPLIST_FILE = YES;
				IPHONEOS_DEPLOYMENT_TARGET = 16.4;
				MARKETING_VERSION = 1.0;
				PRODUCT_BUNDLE_IDENTIFIER = sreehari.soundplayerTests;
				PRODUCT_NAME = "$(TARGET_NAME)";
				SWIFT_EMIT_LOC_STRINGS = NO;
				SWIFT_VERSION = 5.0;
				TARGETED_DEVICE_FAMILY = "1,2";
				TEST_HOST = "$(BUILT_PRODUCTS_DIR)/soundplayer.app/$(BUNDLE_EXECUTABLE_FOLDER_PATH)/soundplayer";
			};
			name = Release;
		};
		576C617B2ADD118000568589 /* Debug */ = {
			isa = XCBuildConfiguration;
			buildSettings = {
				ALWAYS_EMBED_SWIFT_STANDARD_LIBRARIES = YES;
				CODE_SIGN_STYLE = Automatic;
				CURRENT_PROJECT_VERSION = 1;
				DEVELOPMENT_TEAM = LFNJY639ZW;
				GENERATE_INFOPLIST_FILE = YES;
				MARKETING_VERSION = 1.0;
				PRODUCT_BUNDLE_IDENTIFIER = sreehari.soundplayerUITests;
				PRODUCT_NAME = "$(TARGET_NAME)";
				SWIFT_EMIT_LOC_STRINGS = NO;
				SWIFT_VERSION = 5.0;
				TARGETED_DEVICE_FAMILY = "1,2";
				TEST_TARGET_NAME = soundplayer;
			};
			name = Debug;
		};
		576C617C2ADD118000568589 /* Release */ = {
			isa = XCBuildConfiguration;
			buildSettings = {
				ALWAYS_EMBED_SWIFT_STANDARD_LIBRARIES = YES;
				CODE_SIGN_STYLE = Automatic;
				CURRENT_PROJECT_VERSION = 1;
				DEVELOPMENT_TEAM = LFNJY639ZW;
				GENERATE_INFOPLIST_FILE = YES;
				MARKETING_VERSION = 1.0;
				PRODUCT_BUNDLE_IDENTIFIER = sreehari.soundplayerUITests;
				PRODUCT_NAME = "$(TARGET_NAME)";
				SWIFT_EMIT_LOC_STRINGS = NO;
				SWIFT_VERSION = 5.0;
				TARGETED_DEVICE_FAMILY = "1,2";
				TEST_TARGET_NAME = soundplayer;
			};
			name = Release;
		};
/* End XCBuildConfiguration section */

/* Begin XCConfigurationList section */
		576C61452ADD117E00568589 /* Build configuration list for PBXProject "soundplayer" */ = {
			isa = XCConfigurationList;
			buildConfigurations = (
				576C61722ADD118000568589 /* Debug */,
				576C61732ADD118000568589 /* Release */,
			);
			defaultConfigurationIsVisible = 0;
			defaultConfigurationName = Release;
		};
		576C61742ADD118000568589 /* Build configuration list for PBXNativeTarget "soundplayer" */ = {
			isa = XCConfigurationList;
			buildConfigurations = (
				576C61752ADD118000568589 /* Debug */,
				576C61762ADD118000568589 /* Release */,
			);
			defaultConfigurationIsVisible = 0;
			defaultConfigurationName = Release;
		};
		576C61772ADD118000568589 /* Build configuration list for PBXNativeTarget "soundplayerTests" */ = {
			isa = XCConfigurationList;
			buildConfigurations = (
				576C61782ADD118000568589 /* Debug */,
				576C61792ADD118000568589 /* Release */,
			);
			defaultConfigurationIsVisible = 0;
			defaultConfigurationName = Release;
		};
		576C617A2ADD118000568589 /* Build configuration list for PBXNativeTarget "soundplayerUITests" */ = {
			isa = XCConfigurationList;
			buildConfigurations = (
				576C617B2ADD118000568589 /* Debug */,
				576C617C2ADD118000568589 /* Release */,
			);
			defaultConfigurationIsVisible = 0;
			defaultConfigurationName = Release;
		};
/* End XCConfigurationList section */
	};
	rootObject = 576C61422ADD117E00568589 /* Project object */;
}
